
Microsoft Visual Studio Solution File, Format Version 12.00
# Visual Studio Version 16
VisualStudioVersion = 16.0.32901.82
MinimumVisualStudioVersion = 10.0.40219.1
Project("{FAE04EC0-301F-11D3-BF4B-00C04F79EFBC}") = "CustomWin", "CustomWin\CustomWin.csproj", "{CA21D544-275C-4B74-95FA-55C2C79C43FF}"
EndProject
Global
	GlobalSection(SolutionConfigurationPlatforms) = preSolution
		Debug|Any CPU = Debug|Any CPU
		Release|Any CPU = Release|Any CPU
	EndGlobalSection
	GlobalSection(ProjectConfigurationPlatforms) = postSolution
		{CA21D544-275C-4B74-95FA-55C2C79C43FF}.Debug|Any CPU.ActiveCfg = Debug|Any CPU
		{CA21D544-275C-4B74-95FA-55C2C79C43FF}.Debug|Any CPU.Build.0 = Debug|Any CPU
		{CA21D544-275C-4B74-95FA-55C2C79C43FF}.Release|Any CPU.ActiveCfg = Release|Any CPU
		{CA21D544-275C-4B74-95FA-55C2C79C43FF}.Release|Any CPU.Build.0 = Release|Any CPU
	EndGlobalSection
	GlobalSection(SolutionProperties) = preSolution
		HideSolutionNode = FALSE
	EndGlobalSection
	GlobalSection(ExtensibilityGlobals) = postSolution
		SolutionGuid = {9BB623A2-F03E-4870-9B71-93578167D4DA}
	EndGlobalSection
EndGlobal
